{
  "name": "tauben",
  "version": "1.0.0",
  "lockfileVersion": 3,
  "requires": true,
  "packages": {
    "": {
      "name": "tauben",
      "version": "1.0.0",
      "license": "ISC",
      "dependencies": {
        "i2c-bus": "^5.2.3",
        "node-gpiod": "^1.0.2",
        "node-libgpiod": "^0.4.6",
        "node-webcam": "^0.8.2",
        "onoff": "^6.0.3",
        "pca9685": "^5.0.0",
        "pigpio": "^3.3.1",
        "rpio": "^2.4.2"
      }
    },
    "node_modules/@types/debug": {
      "version": "4.1.5",
      "resolved": "https://registry.npmjs.org/@types/debug/-/debug-4.1.5.tgz",
      "integrity": "sha512-Q1y515GcOdTHgagaVFhHnIFQ38ygs/kmxdNpvpou+raI9UO3YZcHDngBSYKQklcKlvA7iuQlmIKbzvmxcOE9CQ=="
    },
    "node_modules/@types/i2c-bus": {
      "version": "5.1.2",
      "resolved": "https://registry.npmjs.org/@types/i2c-bus/-/i2c-bus-5.1.2.tgz",
      "integrity": "sha512-Zph1a3TZnvU8yUEhR8Yvv+Fv61dE3WQ2gMs4B2KgBUuKYE73quagMvmUN9EvRIbf4B+zq1WKMYjLOafdNus1ig==",
      "dependencies": {
        "@types/node": "*"
      }
    },
    "node_modules/@types/node": {
      "version": "22.8.6",
      "resolved": "https://registry.npmjs.org/@types/node/-/node-22.8.6.tgz",
      "integrity": "sha512-tosuJYKrIqjQIlVCM4PEGxOmyg3FCPa/fViuJChnGeEIhjA46oy8FMVoF9su1/v8PNs2a8Q0iFNyOx0uOF91nw==",
      "dependencies": {
        "undici-types": "~6.19.8"
      }
    },
    "node_modules/abbrev": {
      "version": "2.0.0",
      "resolved": "https://registry.npmjs.org/abbrev/-/abbrev-2.0.0.tgz",
      "integrity": "sha512-6/mh1E2u2YgEsCHdY0Yx5oW+61gZU+1vXaoiHHrpKeuRNNgFvS+/jrwHiQhB5apAf5oB7UB7E19ol2R2LKH8hQ==",
      "engines": {
        "node": "^14.17.0 || ^16.13.0 || >=18.0.0"
      }
    },
    "node_modules/bindings": {
      "version": "1.5.0",
      "resolved": "https://registry.npmjs.org/bindings/-/bindings-1.5.0.tgz",
      "integrity": "sha512-p2q/t/mhvuOj/UeLlV6566GD/guowlr0hHxClI0W9m7MWYkL1F0hLo+0Aexs9HSPCtR1SXQ0TD3MMKrXZajbiQ==",
      "dependencies": {
        "file-uri-to-path": "1.0.0"
      }
    },
    "node_modules/debug": {
      "version": "4.3.7",
      "resolved": "https://registry.npmjs.org/debug/-/debug-4.3.7.tgz",
      "integrity": "sha512-Er2nc/H7RrMXZBFCEim6TCmMk02Z8vLC2Rbi1KEBggpo0fS6l0S1nnapwmIi3yW/+GOJap1Krg4w0Hg80oCqgQ==",
      "dependencies": {
        "ms": "^2.1.3"
      },
      "engines": {
        "node": ">=6.0"
      },
      "peerDependenciesMeta": {
        "supports-color": {
          "optional": true
        }
      }
    },
    "node_modules/epoll": {
      "version": "4.0.2",
      "resolved": "https://registry.npmjs.org/epoll/-/epoll-4.0.2.tgz",
      "integrity": "sha512-4KtBBSBYAfyta2/4TIFT4P7pZdDjU6UPvdzWcF4Fy6Q300V08Wdj/82ovAZBUDra6TTjsKsfy12Qxuwc3ob+Qw==",
      "hasInstallScript": true,
      "dependencies": {
        "bindings": "^1.5.0",
        "nan": "^2.17.0"
      },
      "engines": {
        "node": ">=10.0.0"
      }
    },
    "node_modules/file-uri-to-path": {
      "version": "1.0.0",
      "resolved": "https://registry.npmjs.org/file-uri-to-path/-/file-uri-to-path-1.0.0.tgz",
      "integrity": "sha512-0Zt+s3L7Vf1biwWZ29aARiVYLx7iMGnEUl9x33fbB/j3jR81u/O2LbqK+Bm1CDSNDKVtJ/YjwY7TUd5SkeLQLw=="
    },
    "node_modules/i2c-bus": {
      "version": "5.2.3",
      "resolved": "https://registry.npmjs.org/i2c-bus/-/i2c-bus-5.2.3.tgz",
      "integrity": "sha512-kzFgU0OSIZlaeUUa+VK7L+kkxnj4feimCVQDOPrzj0cTaB+hNweTsO8/j7QvW2gRgWQ7ds5IpfFjpBrX+fMNng==",
      "hasInstallScript": true,
      "dependencies": {
        "bindings": "^1.5.0",
        "nan": "^2.17.0"
      },
      "engines": {
        "node": ">=10.0.0"
      }
    },
    "node_modules/ioctl": {
      "version": "2.0.2",
      "resolved": "https://registry.npmjs.org/ioctl/-/ioctl-2.0.2.tgz",
      "integrity": "sha512-GPEiU99bJb3Z50JDRujQ9t+q4JaRvc1UrD7F5/kHDVWlRA3L4TMwqbMw/XIu/BzqccFP8OfsK+JIXmlAvJDs1g==",
      "hasInstallScript": true,
      "dependencies": {
        "bindings": "^1.5.0",
        "nan": "^2.14.0"
      }
    },
    "node_modules/lodash.debounce": {
      "version": "4.0.8",
      "resolved": "https://registry.npmjs.org/lodash.debounce/-/lodash.debounce-4.0.8.tgz",
      "integrity": "sha512-FT1yDzDYEoYWhnSGnpE/4Kj1fLZkDFyqRb7fNt6FdYOSxlUWAtp42Eh6Wb0rGIv/m9Bgo7x4GhQbm5Ys4SG5ow=="
    },
    "node_modules/ms": {
      "version": "2.1.3",
      "resolved": "https://registry.npmjs.org/ms/-/ms-2.1.3.tgz",
      "integrity": "sha512-6FlzubTLZG3J2a/NVCAleEhjzq5oxgHyaCU9yYXvcLsvoVaHJq/s5xXI6/XXP6tz7R9xAOtHnSO/tXtF3WRTlA=="
    },
    "node_modules/nan": {
      "version": "2.22.0",
      "resolved": "https://registry.npmjs.org/nan/-/nan-2.22.0.tgz",
      "integrity": "sha512-nbajikzWTMwsW+eSsNm3QwlOs7het9gGJU5dDZzRTQGk03vyBOauxgI4VakDzE0PtsGTmXPsXTbbjVhRwR5mpw=="
    },
    "node_modules/node-gpiod": {
      "version": "1.0.2",
      "resolved": "https://registry.npmjs.org/node-gpiod/-/node-gpiod-1.0.2.tgz",
      "integrity": "sha512-esd7lZJ3KsSTb59Ep0HlrvU8k9QWw+0U0YFkYh1H/gnLA9fhjKRnm8/dszIfADwDPM7Ey+Xj2lZ4gL5eNOSRcg==",
      "dependencies": {
        "ioctl": "^2.0.2"
      }
    },
    "node_modules/node-libgpiod": {
      "version": "0.4.6",
      "resolved": "https://registry.npmjs.org/node-libgpiod/-/node-libgpiod-0.4.6.tgz",
      "integrity": "sha512-M34h6BM+R0zQSTE+qKG1mTV7zd0nVbQleRpGvjHY2VRdbkAmvZbyJGpVXdVj1MgzOpp2cqA3U4zGk+dRRzG0lQ==",
      "hasInstallScript": true,
      "dependencies": {
        "bindings": "^1.3.0",
        "nan": "^2.11.1"
      },
      "engines": {
        "node": ">=18"
      }
    },
    "node_modules/node-webcam": {
      "version": "0.8.2",
      "resolved": "https://registry.npmjs.org/node-webcam/-/node-webcam-0.8.2.tgz",
      "integrity": "sha512-cuVhDui14Mwc3BfwXMP7EPsrVt1JKns1E5hn/U88ptpdI9c/1M0wQ6nHMcPo+pBrt//kp3h3ZLx12awMdVEXCw==",
      "hasInstallScript": true,
      "dependencies": {
        "nopt": "*"
      },
      "bin": {
        "node-webcam": "bin/node-webcam.js"
      }
    },
    "node_modules/nopt": {
      "version": "8.0.0",
      "resolved": "https://registry.npmjs.org/nopt/-/nopt-8.0.0.tgz",
      "integrity": "sha512-1L/fTJ4UmV/lUxT2Uf006pfZKTvAgCF+chz+0OgBHO8u2Z67pE7AaAUUj7CJy0lXqHmymUvGFt6NE9R3HER0yw==",
      "dependencies": {
        "abbrev": "^2.0.0"
      },
      "bin": {
        "nopt": "bin/nopt.js"
      },
      "engines": {
        "node": "^18.17.0 || >=20.5.0"
      }
    },
    "node_modules/onoff": {
      "version": "6.0.3",
      "resolved": "https://registry.npmjs.org/onoff/-/onoff-6.0.3.tgz",
      "integrity": "sha512-xtVlwRDzswYM69bzzIui/qzu7QHsFnjsQiCV1iYVA/HXt5xdc9utc97SYAlXzK8wAhIN7+H7MaVqh2vpfdKk9A==",
      "dependencies": {
        "epoll": "^4.0.1",
        "lodash.debounce": "^4.0.8"
      },
      "engines": {
        "node": ">=10.0.0"
      }
    },
    "node_modules/pca9685": {
      "version": "5.0.0",
      "resolved": "https://registry.npmjs.org/pca9685/-/pca9685-5.0.0.tgz",
      "integrity": "sha512-3YFh4YJg8aCX3l+xB1PSojpI6AjNpS5QbSAJDfJoftft1SVNzZAE386XFqB8YiVy3ur7DWbafXHcA5ZfA7uUHw==",
      "dependencies": {
        "@types/debug": "4.1.5",
        "@types/i2c-bus": "^5.1.0",
        "debug": "^4.3.1",
        "i2c-bus": "^5.2.1",
        "rxjs": "^6.6.3"
      },
      "engines": {
        "node": ">=8.0.0"
      }
    },
    "node_modules/pigpio": {
      "version": "3.3.1",
      "resolved": "https://registry.npmjs.org/pigpio/-/pigpio-3.3.1.tgz",
      "integrity": "sha512-z7J55K14IwWkA+oW5JHzWcgwThFAuJ7IzV3A2//yRm4jJ2DTU0DHIy91DB0siOi12rvvlrIhRetEuAo0ztF/vQ==",
      "hasInstallScript": true,
      "dependencies": {
        "bindings": "^1.5.0",
        "nan": "^2.14.2"
      },
      "engines": {
        "node": ">=10.0.0"
      }
    },
    "node_modules/rpio": {
      "version": "2.4.2",
      "resolved": "https://registry.npmjs.org/rpio/-/rpio-2.4.2.tgz",
      "integrity": "sha512-SiWw2VorgUh+0hbu6eJkRGG+luvS9BboXz6PQl8Z49kJ+8Nn7R/b4ohybLIYSMbQqcW1WYqSooadDuv1VOAiFw==",
      "hasInstallScript": true,
      "dependencies": {
        "bindings": "~1.5.0",
        "nan": "^2.14.1"
      },
      "engines": {
        "node": ">=0.8"
      }
    },
    "node_modules/rxjs": {
      "version": "6.6.7",
      "resolved": "https://registry.npmjs.org/rxjs/-/rxjs-6.6.7.tgz",
      "integrity": "sha512-hTdwr+7yYNIT5n4AMYp85KA6yw2Va0FLa3Rguvbpa4W3I5xynaBZo41cM3XM+4Q6fRMj3sBYIR1VAmZMXYJvRQ==",
      "dependencies": {
        "tslib": "^1.9.0"
      },
      "engines": {
        "npm": ">=2.0.0"
      }
    },
    "node_modules/tslib": {
      "version": "1.14.1",
      "resolved": "https://registry.npmjs.org/tslib/-/tslib-1.14.1.tgz",
      "integrity": "sha512-Xni35NKzjgMrwevysHTCArtLDpPvye8zV/0E4EyYn43P7/7qvQwPh9BGkHewbMulVntbigmcT7rdX3BNo9wRJg=="
    },
    "node_modules/undici-types": {
      "version": "6.19.8",
      "resolved": "https://registry.npmjs.org/undici-types/-/undici-types-6.19.8.tgz",
      "integrity": "sha512-ve2KP6f/JnbPBFyobGHuerC9g1FYGn/F8n1LWTwNxCEzd6IfqTwUQcNXgEtmmQ6DlRrC1hrSrBnCZPokRrDHjw=="
    }
  }
}
